
Microsoft Visual Studio Solution File, Format Version 12.00
# Visual Studio 2012
Project("{FAE04EC0-301F-11D3-BF4B-00C04F79EFBC}") = "MyAppTest", "MyAppTest\MyAppTest.csproj", "{F67C86AA-BFC0-45C4-A503-75DBEF912801}"
EndProject
Global
	GlobalSection(SolutionConfigurationPlatforms) = preSolution
		Debug|Any CPU = Debug|Any CPU
		Release|Any CPU = Release|Any CPU
	EndGlobalSection
	GlobalSection(ProjectConfigurationPlatforms) = postSolution
		{F67C86AA-BFC0-45C4-A503-75DBEF912801}.Debug|Any CPU.ActiveCfg = Debug|Any CPU
		{F67C86AA-BFC0-45C4-A503-75DBEF912801}.Debug|Any CPU.Build.0 = Debug|Any CPU
		{F67C86AA-BFC0-45C4-A503-75DBEF912801}.Release|Any CPU.ActiveCfg = Release|Any CPU
		{F67C86AA-BFC0-45C4-A503-75DBEF912801}.Release|Any CPU.Build.0 = Release|Any CPU
	EndGlobalSection
EndGlobal
